dependencies:
- name: jupyterhub
  repository: https://jupyterhub.github.io/helm-chart/
  version: 0.8.2
- name: minio
  repository: https://kubernetes-charts.storage.googleapis.com
  version: 2.5.13
- name: openfaas
  repository: https://openfaas.github.io/faas-netes/
  version: 5.5.6
- name: argo-events
  repository: https://argoproj.github.io/argo-helm
  version: 0.7.0
- name: argo
  repository: https://argoproj.github.io/argo-helm
  version: 0.6.8
- name: docker-registry
  repository: https://kubernetes-charts.storage.googleapis.com
  version: 1.9.1
digest: sha256:ca30e82d8140fa2ba6b299f0b7ed3d8fde204a04e6feb85ac715620fdeee7e4a
generated: "2020-03-07T14:15:05.43473+01:00"
